
Microsoft Visual Studio Solution File, Format Version 12.00
Project("{FAE04EC0-301F-11D3-BF4B-00C04F79EFBC}") = "WhatLessonNow", "WhatLessonNow\WhatLessonNow.csproj", "{760CA5AE-84B4-495A-AD2C-9A995B3F1F44}"
EndProject
Project("{FAE04EC0-301F-11D3-BF4B-00C04F79EFBC}") = "AmiLesson.Core", "AmiLesson.Core\AmiLesson.Core.csproj", "{930D789A-B5DC-4DC4-B7AB-AE29F6920FD9}"
EndProject
Project("{FAE04EC0-301F-11D3-BF4B-00C04F79EFBC}") = "AmiLesson.Adapters", "AmiLesson.Adapters\AmiLesson.Adapters.csproj", "{C4A1009F-E255-4E40-940C-1BF8769B6909}"
EndProject
Project("{FAE04EC0-301F-11D3-BF4B-00C04F79EFBC}") = "AmiLesson.SDK", "AmiLesson.SDK\AmiLesson.SDK.csproj", "{14417BBE-5374-4E04-9917-0D026305732A}"
EndProject
Project("{FAE04EC0-301F-11D3-BF4B-00C04F79EFBC}") = "AmiLesson.Code", "AmiLesson.Code\AmiLesson.Code.csproj", "{2C443736-850F-42A4-AA5C-49A63BC4F441}"
EndProject
Global
	GlobalSection(SolutionConfigurationPlatforms) = preSolution
		Debug|Any CPU = Debug|Any CPU
		Release|Any CPU = Release|Any CPU
	EndGlobalSection
	GlobalSection(ProjectConfigurationPlatforms) = postSolution
		{760CA5AE-84B4-495A-AD2C-9A995B3F1F44}.Debug|Any CPU.ActiveCfg = Debug|Any CPU
		{760CA5AE-84B4-495A-AD2C-9A995B3F1F44}.Debug|Any CPU.Build.0 = Debug|Any CPU
		{760CA5AE-84B4-495A-AD2C-9A995B3F1F44}.Release|Any CPU.ActiveCfg = Release|Any CPU
		{760CA5AE-84B4-495A-AD2C-9A995B3F1F44}.Release|Any CPU.Build.0 = Release|Any CPU
		{930D789A-B5DC-4DC4-B7AB-AE29F6920FD9}.Debug|Any CPU.ActiveCfg = Build|x86
		{930D789A-B5DC-4DC4-B7AB-AE29F6920FD9}.Debug|Any CPU.Build.0 = Build|x86
		{930D789A-B5DC-4DC4-B7AB-AE29F6920FD9}.Release|Any CPU.ActiveCfg = Build|x86
		{930D789A-B5DC-4DC4-B7AB-AE29F6920FD9}.Release|Any CPU.Build.0 = Build|x86
		{C4A1009F-E255-4E40-940C-1BF8769B6909}.Debug|Any CPU.ActiveCfg = Debug|Any CPU
		{C4A1009F-E255-4E40-940C-1BF8769B6909}.Debug|Any CPU.Build.0 = Debug|Any CPU
		{C4A1009F-E255-4E40-940C-1BF8769B6909}.Release|Any CPU.ActiveCfg = Release|Any CPU
		{C4A1009F-E255-4E40-940C-1BF8769B6909}.Release|Any CPU.Build.0 = Release|Any CPU
		{14417BBE-5374-4E04-9917-0D026305732A}.Debug|Any CPU.ActiveCfg = Debug|Any CPU
		{14417BBE-5374-4E04-9917-0D026305732A}.Debug|Any CPU.Build.0 = Debug|Any CPU
		{14417BBE-5374-4E04-9917-0D026305732A}.Release|Any CPU.ActiveCfg = Release|Any CPU
		{14417BBE-5374-4E04-9917-0D026305732A}.Release|Any CPU.Build.0 = Release|Any CPU
		{2C443736-850F-42A4-AA5C-49A63BC4F441}.Debug|Any CPU.ActiveCfg = Debug|Any CPU
		{2C443736-850F-42A4-AA5C-49A63BC4F441}.Debug|Any CPU.Build.0 = Debug|Any CPU
		{2C443736-850F-42A4-AA5C-49A63BC4F441}.Release|Any CPU.ActiveCfg = Release|Any CPU
		{2C443736-850F-42A4-AA5C-49A63BC4F441}.Release|Any CPU.Build.0 = Release|Any CPU
	EndGlobalSection
EndGlobal
